
Microsoft Visual Studio Solution File, Format Version 12.00
# Visual Studio Version 17
VisualStudioVersion = 17.9.34607.119
MinimumVisualStudioVersion = 10.0.40219.1
Project("{FAE04EC0-301F-11D3-BF4B-00C04F79EFBC}") = "RequestTrackerModelLibrary", "RequestTrackerModelLibrary\RequestTrackerModelLibrary.csproj", "{49CE4122-4A72-4343-8055-4429D314BF97}"
EndProject
Project("{FAE04EC0-301F-11D3-BF4B-00C04F79EFBC}") = "RequestTrackerDALLibrary", "RequestTrackerDALLibrary\RequestTrackerDALLibrary.csproj", "{1B858FC5-2AC4-41B1-A93E-DC95B181C67B}"
EndProject
Project("{FAE04EC0-301F-11D3-BF4B-00C04F79EFBC}") = "RequestTrackerBLLibrary", "RequestTrackerBLLibrary\RequestTrackerBLLibrary.csproj", "{21B39C0E-E3C9-442A-8E8A-118B763D20F1}"
EndProject
Project("{FAE04EC0-301F-11D3-BF4B-00C04F79EFBC}") = "RequestTrackerFEAPP", "RequestTrackerFEAPP\RequestTrackerFEAPP.csproj", "{E7C35718-6DC1-4EEA-A840-C7D8834F05EF}"
EndProject
Global
	GlobalSection(SolutionConfigurationPlatforms) = preSolution
		Debug|Any CPU = Debug|Any CPU
		Release|Any CPU = Release|Any CPU
	EndGlobalSection
	GlobalSection(ProjectConfigurationPlatforms) = postSolution
		{49CE4122-4A72-4343-8055-4429D314BF97}.Debug|Any CPU.ActiveCfg = Debug|Any CPU
		{49CE4122-4A72-4343-8055-4429D314BF97}.Debug|Any CPU.Build.0 = Debug|Any CPU
		{49CE4122-4A72-4343-8055-4429D314BF97}.Release|Any CPU.ActiveCfg = Release|Any CPU
		{49CE4122-4A72-4343-8055-4429D314BF97}.Release|Any CPU.Build.0 = Release|Any CPU
		{1B858FC5-2AC4-41B1-A93E-DC95B181C67B}.Debug|Any CPU.ActiveCfg = Debug|Any CPU
		{1B858FC5-2AC4-41B1-A93E-DC95B181C67B}.Debug|Any CPU.Build.0 = Debug|Any CPU
		{1B858FC5-2AC4-41B1-A93E-DC95B181C67B}.Release|Any CPU.ActiveCfg = Release|Any CPU
		{1B858FC5-2AC4-41B1-A93E-DC95B181C67B}.Release|Any CPU.Build.0 = Release|Any CPU
		{21B39C0E-E3C9-442A-8E8A-118B763D20F1}.Debug|Any CPU.ActiveCfg = Debug|Any CPU
		{21B39C0E-E3C9-442A-8E8A-118B763D20F1}.Debug|Any CPU.Build.0 = Debug|Any CPU
		{21B39C0E-E3C9-442A-8E8A-118B763D20F1}.Release|Any CPU.ActiveCfg = Release|Any CPU
		{21B39C0E-E3C9-442A-8E8A-118B763D20F1}.Release|Any CPU.Build.0 = Release|Any CPU
		{E7C35718-6DC1-4EEA-A840-C7D8834F05EF}.Debug|Any CPU.ActiveCfg = Debug|Any CPU
		{E7C35718-6DC1-4EEA-A840-C7D8834F05EF}.Debug|Any CPU.Build.0 = Debug|Any CPU
		{E7C35718-6DC1-4EEA-A840-C7D8834F05EF}.Release|Any CPU.ActiveCfg = Release|Any CPU
		{E7C35718-6DC1-4EEA-A840-C7D8834F05EF}.Release|Any CPU.Build.0 = Release|Any CPU
	EndGlobalSection
	GlobalSection(SolutionProperties) = preSolution
		HideSolutionNode = FALSE
	EndGlobalSection
	GlobalSection(ExtensibilityGlobals) = postSolution
		SolutionGuid = {00408CC1-8745-44EC-809C-77C7765A3E2C}
	EndGlobalSection
EndGlobal
