
Microsoft Visual Studio Solution File, Format Version 12.00
# Visual Studio Version 17
VisualStudioVersion = 17.8.34511.84
MinimumVisualStudioVersion = 10.0.40219.1
Project("{FAE04EC0-301F-11D3-BF4B-00C04F79EFBC}") = "UnderstandingBasicsApp", "UnderstandingBasicsApp\UnderstandingBasicsApp.csproj", "{6AEDA590-B2C5-461B-A407-E3E4415E6B7F}"
EndProject
Global
	GlobalSection(SolutionConfigurationPlatforms) = preSolution
		Debug|Any CPU = Debug|Any CPU
		Release|Any CPU = Release|Any CPU
	EndGlobalSection
	GlobalSection(ProjectConfigurationPlatforms) = postSolution
		{6AEDA590-B2C5-461B-A407-E3E4415E6B7F}.Debug|Any CPU.ActiveCfg = Debug|Any CPU
		{6AEDA590-B2C5-461B-A407-E3E4415E6B7F}.Debug|Any CPU.Build.0 = Debug|Any CPU
		{6AEDA590-B2C5-461B-A407-E3E4415E6B7F}.Release|Any CPU.ActiveCfg = Release|Any CPU
		{6AEDA590-B2C5-461B-A407-E3E4415E6B7F}.Release|Any CPU.Build.0 = Release|Any CPU
	EndGlobalSection
	GlobalSection(SolutionProperties) = preSolution
		HideSolutionNode = FALSE
	EndGlobalSection
	GlobalSection(ExtensibilityGlobals) = postSolution
		SolutionGuid = {C208C1BF-C4A2-4FE7-89D4-04DBD0494568}
	EndGlobalSection
EndGlobal
