
Microsoft Visual Studio Solution File, Format Version 12.00
# Visual Studio Version 17
VisualStudioVersion = 17.9.34607.119
MinimumVisualStudioVersion = 10.0.40219.1
Project("{FAE04EC0-301F-11D3-BF4B-00C04F79EFBC}") = "RequestTrackerApplication", "RequestTrackerApplication\RequestTrackerApplication.csproj", "{DC5F85AC-BC08-44DB-BDD3-1AD964ABAC9A}"
EndProject
Project("{FAE04EC0-301F-11D3-BF4B-00C04F79EFBC}") = "RequestTrackerModelLibrary", "RequestTrackerModelLibrary\RequestTrackerModelLibrary.csproj", "{30119BC9-9E32-4955-9617-03D33C864233}"
EndProject
Global
	GlobalSection(SolutionConfigurationPlatforms) = preSolution
		Debug|Any CPU = Debug|Any CPU
		Release|Any CPU = Release|Any CPU
	EndGlobalSection
	GlobalSection(ProjectConfigurationPlatforms) = postSolution
		{DC5F85AC-BC08-44DB-BDD3-1AD964ABAC9A}.Debug|Any CPU.ActiveCfg = Debug|Any CPU
		{DC5F85AC-BC08-44DB-BDD3-1AD964ABAC9A}.Debug|Any CPU.Build.0 = Debug|Any CPU
		{DC5F85AC-BC08-44DB-BDD3-1AD964ABAC9A}.Release|Any CPU.ActiveCfg = Release|Any CPU
		{DC5F85AC-BC08-44DB-BDD3-1AD964ABAC9A}.Release|Any CPU.Build.0 = Release|Any CPU
		{30119BC9-9E32-4955-9617-03D33C864233}.Debug|Any CPU.ActiveCfg = Debug|Any CPU
		{30119BC9-9E32-4955-9617-03D33C864233}.Debug|Any CPU.Build.0 = Debug|Any CPU
		{30119BC9-9E32-4955-9617-03D33C864233}.Release|Any CPU.ActiveCfg = Release|Any CPU
		{30119BC9-9E32-4955-9617-03D33C864233}.Release|Any CPU.Build.0 = Release|Any CPU
	EndGlobalSection
	GlobalSection(SolutionProperties) = preSolution
		HideSolutionNode = FALSE
	EndGlobalSection
	GlobalSection(ExtensibilityGlobals) = postSolution
		SolutionGuid = {B7FE03E1-B897-4DBB-88E9-51B7F4338B1F}
	EndGlobalSection
EndGlobal
