
Microsoft Visual Studio Solution File, Format Version 12.00
# Visual Studio Version 17
VisualStudioVersion = 17.9.34607.119
MinimumVisualStudioVersion = 10.0.40219.1
Project("{FAE04EC0-301F-11D3-BF4B-00C04F79EFBC}") = "MesasgeFromKeyVaultAPp", "MesasgeFromKeyVaultAPp.csproj", "{06BFB587-7DD4-477D-ACFF-3920FD29FEBF}"
EndProject
Global
	GlobalSection(SolutionConfigurationPlatforms) = preSolution
		Debug|Any CPU = Debug|Any CPU
		Release|Any CPU = Release|Any CPU
	EndGlobalSection
	GlobalSection(ProjectConfigurationPlatforms) = postSolution
		{06BFB587-7DD4-477D-ACFF-3920FD29FEBF}.Debug|Any CPU.ActiveCfg = Debug|Any CPU
		{06BFB587-7DD4-477D-ACFF-3920FD29FEBF}.Debug|Any CPU.Build.0 = Debug|Any CPU
		{06BFB587-7DD4-477D-ACFF-3920FD29FEBF}.Release|Any CPU.ActiveCfg = Release|Any CPU
		{06BFB587-7DD4-477D-ACFF-3920FD29FEBF}.Release|Any CPU.Build.0 = Release|Any CPU
	EndGlobalSection
	GlobalSection(SolutionProperties) = preSolution
		HideSolutionNode = FALSE
	EndGlobalSection
	GlobalSection(ExtensibilityGlobals) = postSolution
		SolutionGuid = {8B24651D-A123-4AE9-9FF7-D267DDFCE102}
	EndGlobalSection
EndGlobal
