
Microsoft Visual Studio Solution File, Format Version 12.00
# Visual Studio Version 17
VisualStudioVersion = 17.9.34607.119
MinimumVisualStudioVersion = 10.0.40219.1
Project("{FAE04EC0-301F-11D3-BF4B-00C04F79EFBC}") = "FirstAPI", "FirstAPI\FirstAPI.csproj", "{ED044BE4-C399-4E12-8FBC-584541E48F31}"
EndProject
Global
	GlobalSection(SolutionConfigurationPlatforms) = preSolution
		Debug|Any CPU = Debug|Any CPU
		Release|Any CPU = Release|Any CPU
	EndGlobalSection
	GlobalSection(ProjectConfigurationPlatforms) = postSolution
		{ED044BE4-C399-4E12-8FBC-584541E48F31}.Debug|Any CPU.ActiveCfg = Debug|Any CPU
		{ED044BE4-C399-4E12-8FBC-584541E48F31}.Debug|Any CPU.Build.0 = Debug|Any CPU
		{ED044BE4-C399-4E12-8FBC-584541E48F31}.Release|Any CPU.ActiveCfg = Release|Any CPU
		{ED044BE4-C399-4E12-8FBC-584541E48F31}.Release|Any CPU.Build.0 = Release|Any CPU
	EndGlobalSection
	GlobalSection(SolutionProperties) = preSolution
		HideSolutionNode = FALSE
	EndGlobalSection
	GlobalSection(ExtensibilityGlobals) = postSolution
		SolutionGuid = {880991D5-A2E2-4548-B75E-ED6453F89F44}
	EndGlobalSection
EndGlobal
