
Microsoft Visual Studio Solution File, Format Version 12.00
# Visual Studio Version 17
VisualStudioVersion = 17.9.34607.119
MinimumVisualStudioVersion = 10.0.40219.1
Project("{FAE04EC0-301F-11D3-BF4B-00C04F79EFBC}") = "FirstApp", "FirstApp\FirstApp.csproj", "{DEE71115-28FA-4DD7-904B-83F23D02401F}"
EndProject
Global
	GlobalSection(SolutionConfigurationPlatforms) = preSolution
		Debug|Any CPU = Debug|Any CPU
		Release|Any CPU = Release|Any CPU
	EndGlobalSection
	GlobalSection(ProjectConfigurationPlatforms) = postSolution
		{DEE71115-28FA-4DD7-904B-83F23D02401F}.Debug|Any CPU.ActiveCfg = Debug|Any CPU
		{DEE71115-28FA-4DD7-904B-83F23D02401F}.Debug|Any CPU.Build.0 = Debug|Any CPU
		{DEE71115-28FA-4DD7-904B-83F23D02401F}.Release|Any CPU.ActiveCfg = Release|Any CPU
		{DEE71115-28FA-4DD7-904B-83F23D02401F}.Release|Any CPU.Build.0 = Release|Any CPU
	EndGlobalSection
	GlobalSection(SolutionProperties) = preSolution
		HideSolutionNode = FALSE
	EndGlobalSection
	GlobalSection(ExtensibilityGlobals) = postSolution
		SolutionGuid = {07EC3056-102C-4903-BDE1-B02256B2532B}
	EndGlobalSection
EndGlobal
